{
  "name": "buildix",
  "lockfileVersion": 3,
  "requires": true,
  "packages": {
    "": {
      "dependencies": {
        "bidi-shaper": "^0.1.2"
      }
    },
    "node_modules/bidi-shaper": {
      "version": "0.1.2",
      "resolved": "https://registry.npmjs.org/bidi-shaper/-/bidi-shaper-0.1.2.tgz",
      "integrity": "sha512-JBRKDJ5lIu0DEUJdNVLmXCVLe01k3Y5AO3KoW6vB1MPj9yc0u570uJY4LrM1JusP10Zbr70ClIdVQ2JD+g6R1g==",
      "license": "MIT",
      "engines": {
        "node": ">=18"
      }
    }
  }
}
